// !$*UTF8*$!
{
	archiveVersion = 1;
	classes = {
	};
	objectVersion = 52;
	objects = {

/* Begin PBXBuildFile section */
		591B66F9237BE4F100C9FF9D /* RxRelay in Frameworks */ = {isa = PBXBuildFile; productRef = 591B66F8237BE4F100C9FF9D /* RxRelay */; };
		593EAC912375732C00D097C7 /* AppDelegate.swift in Sources */ = {isa = PBXBuildFile; fileRef = 593EAC902375732C00D097C7 /* AppDelegate.swift */; };
		593EAC932375732C00D097C7 /* SceneDelegate.swift in Sources */ = {isa = PBXBuildFile; fileRef = 593EAC922375732C00D097C7 /* SceneDelegate.swift */; };
		593EAC952375732C00D097C7 /* ViewController.swift in Sources */ = {isa = PBXBuildFile; fileRef = 593EAC942375732C00D097C7 /* ViewController.swift */; };
		593EAC982375732C00D097C7 /* Main.storyboard in Resources */ = {isa = PBXBuildFile; fileRef = 593EAC962375732C00D097C7 /* Main.storyboard */; };
		593EAC9A2375733100D097C7 /* Assets.xcassets in Resources */ = {isa = PBXBuildFile; fileRef = 593EAC992375733100D097C7 /* Assets.xcassets */; };
		593EAC9D2375733100D097C7 /* LaunchScreen.storyboard in Resources */ = {isa = PBXBuildFile; fileRef = 593EAC9B2375733100D097C7 /* LaunchScreen.storyboard */; };
		593EACA62375740600D097C7 /* RxSwift in Frameworks */ = {isa = PBXBuildFile; productRef = 593EACA52375740600D097C7 /* RxSwift */; };
		593EACA82375740600D097C7 /* RxCocoa in Frameworks */ = {isa = PBXBuildFile; productRef = 593EACA72375740600D097C7 /* RxCocoa */; };
		593EACAA2375749C00D097C7 /* ViewModel.swift in Sources */ = {isa = PBXBuildFile; fileRef = 593EACA92375749C00D097C7 /* ViewModel.swift */; };
		593EACAE23759C2000D097C7 /* ModelTableViewCell.swift in Sources */ = {isa = PBXBuildFile; fileRef = 593EACAD23759C2000D097C7 /* ModelTableViewCell.swift */; };
/* End PBXBuildFile section */

/* Begin PBXFileReference section */
		593EAC8D2375732C00D097C7 /* RxSwift Example.app */ = {isa = PBXFileReference; explicitFileType = wrapper.application; includeInIndex = 0; path = "RxSwift Example.app"; sourceTree = BUILT_PRODUCTS_DIR; };
		593EAC902375732C00D097C7 /* AppDelegate.swift */ = {isa = PBXFileReference; lastKnownFileType = sourcecode.swift; path = AppDelegate.swift; sourceTree = "<group>"; };
		593EAC922375732C00D097C7 /* SceneDelegate.swift */ = {isa = PBXFileReference; lastKnownFileType = sourcecode.swift; path = SceneDelegate.swift; sourceTree = "<group>"; };
		593EAC942375732C00D097C7 /* ViewController.swift */ = {isa = PBXFileReference; lastKnownFileType = sourcecode.swift; path = ViewController.swift; sourceTree = "<group>"; };
		593EAC972375732C00D097C7 /* Base */ = {isa = PBXFileReference; lastKnownFileType = file.storyboard; name = Base; path = Base.lproj/Main.storyboard; sourceTree = "<group>"; };
		593EAC992375733100D097C7 /* Assets.xcassets */ = {isa = PBXFileReference; lastKnownFileType = folder.assetcatalog; path = Assets.xcassets; sourceTree = "<group>"; };
		593EAC9C2375733100D097C7 /* Base */ = {isa = PBXFileReference; lastKnownFileType = file.storyboard; name = Base; path = Base.lproj/LaunchScreen.storyboard; sourceTree = "<group>"; };
		593EAC9E2375733100D097C7 /* Info.plist */ = {isa = PBXFileReference; lastKnownFileType = text.plist.xml; path = Info.plist; sourceTree = "<group>"; };
		593EACA92375749C00D097C7 /* ViewModel.swift */ = {isa = PBXFileReference; lastKnownFileType = sourcecode.swift; path = ViewModel.swift; sourceTree = "<group>"; };
		593EACAD23759C2000D097C7 /* ModelTableViewCell.swift */ = {isa = PBXFileReference; lastKnownFileType = sourcecode.swift; path = ModelTableViewCell.swift; sourceTree = "<group>"; };
/* End PBXFileReference section */

/* Begin PBXFrameworksBuildPhase section */
		593EAC8A2375732C00D097C7 /* Frameworks */ = {
			isa = PBXFrameworksBuildPhase;
			buildActionMask = 2147483647;
			files = (
				591B66F9237BE4F100C9FF9D /* RxRelay in Frameworks */,
				593EACA82375740600D097C7 /* RxCocoa in Frameworks */,
				593EACA62375740600D097C7 /* RxSwift in Frameworks */,
			);
			runOnlyForDeploymentPostprocessing = 0;
		};
/* End PBXFrameworksBuildPhase section */

/* Begin PBXGroup section */
		591B66F7237BE4F100C9FF9D /* Frameworks */ = {
			isa = PBXGroup;
			children = (
			);
			name = Frameworks;
			sourceTree = "<group>";
		};
		593EAC842375732C00D097C7 = {
			isa = PBXGroup;
			children = (
				593EAC8F2375732C00D097C7 /* RxSwift Example */,
				593EAC8E2375732C00D097C7 /* Products */,
				591B66F7237BE4F100C9FF9D /* Frameworks */,
			);
			sourceTree = "<group>";
		};
		593EAC8E2375732C00D097C7 /* Products */ = {
			isa = PBXGroup;
			children = (
				593EAC8D2375732C00D097C7 /* RxSwift Example.app */,
			);
			name = Products;
			sourceTree = "<group>";
		};
		593EAC8F2375732C00D097C7 /* RxSwift Example */ = {
			isa = PBXGroup;
			children = (
				593EAC902375732C00D097C7 /* AppDelegate.swift */,
				593EAC922375732C00D097C7 /* SceneDelegate.swift */,
				593EAC942375732C00D097C7 /* ViewController.swift */,
				593EACAD23759C2000D097C7 /* ModelTableViewCell.swift */,
				593EACA92375749C00D097C7 /* ViewModel.swift */,
				593EAC962375732C00D097C7 /* Main.storyboard */,
				593EAC992375733100D097C7 /* Assets.xcassets */,
				593EAC9B2375733100D097C7 /* LaunchScreen.storyboard */,
				593EAC9E2375733100D097C7 /* Info.plist */,
			);
			path = "RxSwift Example";
			sourceTree = "<group>";
		};
/* End PBXGroup section */

/* Begin PBXNativeTarget section */
		593EAC8C2375732C00D097C7 /* RxSwift Example */ = {
			isa = PBXNativeTarget;
			buildConfigurationList = 593EACA12375733100D097C7 /* Build configuration list for PBXNativeTarget "RxSwift Example" */;
			buildPhases = (
				593EAC892375732C00D097C7 /* Sources */,
				593EAC8A2375732C00D097C7 /* Frameworks */,
				593EAC8B2375732C00D097C7 /* Resources */,
			);
			buildRules = (
			);
			dependencies = (
			);
			name = "RxSwift Example";
			packageProductDependencies = (
				593EACA52375740600D097C7 /* RxSwift */,
				593EACA72375740600D097C7 /* RxCocoa */,
				591B66F8237BE4F100C9FF9D /* RxRelay */,
			);
			productName = "RxSwift Example";
			productReference = 593EAC8D2375732C00D097C7 /* RxSwift Example.app */;
			productType = "com.apple.product-type.application";
		};
/* End PBXNativeTarget section */

/* Begin PBXProject section */
		593EAC852375732C00D097C7 /* Project object */ = {
			isa = PBXProject;
			attributes = {
				LastSwiftUpdateCheck = 1120;
				LastUpgradeCheck = 1120;
				ORGANIZATIONNAME = Example;
				TargetAttributes = {
					593EAC8C2375732C00D097C7 = {
						CreatedOnToolsVersion = 11.2;
					};
				};
			};
			buildConfigurationList = 593EAC882375732C00D097C7 /* Build configuration list for PBXProject "RxSwift Example" */;
			compatibilityVersion = "Xcode 9.3";
			developmentRegion = en;
			hasScannedForEncodings = 0;
			knownRegions = (
				en,
				Base,
			);
			mainGroup = 593EAC842375732C00D097C7;
			packageReferences = (
				593EACA42375740500D097C7 /* XCRemoteSwiftPackageReference "RxSwift" */,
			);
			productRefGroup = 593EAC8E2375732C00D097C7 /* Products */;
			projectDirPath = "";
			projectRoot = "";
			targets = (
				593EAC8C2375732C00D097C7 /* RxSwift Example */,
			);
		};
/* End PBXProject section */

/* Begin PBXResourcesBuildPhase section */
		593EAC8B2375732C00D097C7 /* Resources */ = {
			isa = PBXResourcesBuildPhase;
			buildActionMask = 2147483647;
			files = (
				593EAC9D2375733100D097C7 /* LaunchScreen.storyboard in Resources */,
				593EAC9A2375733100D097C7 /* Assets.xcassets in Resources */,
				593EAC982375732C00D097C7 /* Main.storyboard in Resources */,
			);
			runOnlyForDeploymentPostprocessing = 0;
		};
/* End PBXResourcesBuildPhase section */

/* Begin PBXSourcesBuildPhase section */
		593EAC892375732C00D097C7 /* Sources */ = {
			isa = PBXSourcesBuildPhase;
			buildActionMask = 2147483647;
			files = (
				593EACAE23759C2000D097C7 /* ModelTableViewCell.swift in Sources */,
				593EAC952375732C00D097C7 /* ViewController.swift in Sources */,
				593EAC912375732C00D097C7 /* AppDelegate.swift in Sources */,
				593EACAA2375749C00D097C7 /* ViewModel.swift in Sources */,
				593EAC932375732C00D097C7 /* SceneDelegate.swift in Sources */,
			);
			runOnlyForDeploymentPostprocessing = 0;
		};
/* End PBXSourcesBuildPhase section */

/* Begin PBXVariantGroup section */
		593EAC962375732C00D097C7 /* Main.storyboard */ = {
			isa = PBXVariantGroup;
			children = (
				593EAC972375732C00D097C7 /* Base */,
			);
			name = Main.storyboard;
			sourceTree = "<group>";
		};
		593EAC9B2375733100D097C7 /* LaunchScreen.storyboard */ = {
			isa = PBXVariantGroup;
			children = (
				593EAC9C2375733100D097C7 /* Base */,
			);
			name = LaunchScreen.storyboard;
			sourceTree = "<group>";
		};
/* End PBXVariantGroup section */

/* Begin XCBuildConfiguration section */
		593EAC9F2375733100D097C7 /* Debug */ = {
			isa = XCBuildConfiguration;
			buildSettings = {
				ALWAYS_SEARCH_USER_PATHS = NO;
				CLANG_ANALYZER_NONNULL = YES;
				CLANG_ANALYZER_NUMBER_OBJECT_CONVERSION = YES_AGGRESSIVE;
				CLANG_CXX_LANGUAGE_STANDARD = "gnu++14";
				CLANG_CXX_LIBRARY = "libc++";
				CLANG_ENABLE_MODULES = YES;
				CLANG_ENABLE_OBJC_ARC = YES;
				CLANG_ENABLE_OBJC_WEAK = YES;
				CLANG_WARN_BLOCK_CAPTURE_AUTORELEASING = YES;
				CLANG_WARN_BOOL_CONVERSION = YES;
				CLANG_WARN_COMMA = YES;
				CLANG_WARN_CONSTANT_CONVERSION = YES;
				CLANG_WARN_DEPRECATED_OBJC_IMPLEMENTATIONS = YES;
				CLANG_WARN_DIRECT_OBJC_ISA_USAGE = YES_ERROR;
				CLANG_WARN_DOCUMENTATION_COMMENTS = YES;
				CLANG_WARN_EMPTY_BODY = YES;
				CLANG_WARN_ENUM_CONVERSION = YES;
				CLANG_WARN_INFINITE_RECURSION = YES;
				CLANG_WARN_INT_CONVERSION = YES;
				CLANG_WARN_NON_LITERAL_NULL_CONVERSION = YES;
				CLANG_WARN_OBJC_IMPLICIT_RETAIN_SELF = YES;
				CLANG_WARN_OBJC_LITERAL_CONVERSION = YES;
				CLANG_WARN_OBJC_ROOT_CLASS = YES_ERROR;
				CLANG_WARN_RANGE_LOOP_ANALYSIS = YES;
				CLANG_WARN_STRICT_PROTOTYPES = YES;
				CLANG_WARN_SUSPICIOUS_MOVE = YES;
				CLANG_WARN_UNGUARDED_AVAILABILITY = YES_AGGRESSIVE;
				CLANG_WARN_UNREACHABLE_CODE = YES;
				CLANG_WARN__DUPLICATE_METHOD_MATCH = YES;
				COPY_PHASE_STRIP = NO;
				DEBUG_INFORMATION_FORMAT = dwarf;
				ENABLE_STRICT_OBJC_MSGSEND = YES;
				ENABLE_TESTABILITY = YES;
				GCC_C_LANGUAGE_STANDARD = gnu11;
				GCC_DYNAMIC_NO_PIC = NO;
				GCC_NO_COMMON_BLOCKS = YES;
				GCC_OPTIMIZATION_LEVEL = 0;
				GCC_PREPROCESSOR_DEFINITIONS = (
					"DEBUG=1",
					"$(inherited)",
				);
				GCC_WARN_64_TO_32_BIT_CONVERSION = YES;
				GCC_WARN_ABOUT_RETURN_TYPE = YES_ERROR;
				GCC_WARN_UNDECLARED_SELECTOR = YES;
				GCC_WARN_UNINITIALIZED_AUTOS = YES_AGGRESSIVE;
				GCC_WARN_UNUSED_FUNCTION = YES;
				GCC_WARN_UNUSED_VARIABLE = YES;
				IPHONEOS_DEPLOYMENT_TARGET = 13.2;
				MTL_ENABLE_DEBUG_INFO = INCLUDE_SOURCE;
				MTL_FAST_MATH = YES;
				ONLY_ACTIVE_ARCH = YES;
				SDKROOT = iphoneos;
				SWIFT_ACTIVE_COMPILATION_CONDITIONS = DEBUG;
				SWIFT_OPTIMIZATION_LEVEL = "-Onone";
			};
			name = Debug;
		};
		593EACA02375733100D097C7 /* Release */ = {
			isa = XCBuildConfiguration;
			buildSettings = {
				ALWAYS_SEARCH_USER_PATHS = NO;
				CLANG_ANALYZER_NONNULL = YES;
				CLANG_ANALYZER_NUMBER_OBJECT_CONVERSION = YES_AGGRESSIVE;
				CLANG_CXX_LANGUAGE_STANDARD = "gnu++14";
				CLANG_CXX_LIBRARY = "libc++";
				CLANG_ENABLE_MODULES = YES;
				CLANG_ENABLE_OBJC_ARC = YES;
				CLANG_ENABLE_OBJC_WEAK = YES;
				CLANG_WARN_BLOCK_CAPTURE_AUTORELEASING = YES;
				CLANG_WARN_BOOL_CONVERSION = YES;
				CLANG_WARN_COMMA = YES;
				CLANG_WARN_CONSTANT_CONVERSION = YES;
				CLANG_WARN_DEPRECATED_OBJC_IMPLEMENTATIONS = YES;
				CLANG_WARN_DIRECT_OBJC_ISA_USAGE = YES_ERROR;
				CLANG_WARN_DOCUMENTATION_COMMENTS = YES;
				CLANG_WARN_EMPTY_BODY = YES;
				CLANG_WARN_ENUM_CONVERSION = YES;
				CLANG_WARN_INFINITE_RECURSION = YES;
				CLANG_WARN_INT_CONVERSION = YES;
				CLANG_WARN_NON_LITERAL_NULL_CONVERSION = YES;
				CLANG_WARN_OBJC_IMPLICIT_RETAIN_SELF = YES;
				CLANG_WARN_OBJC_LITERAL_CONVERSION = YES;
				CLANG_WARN_OBJC_ROOT_CLASS = YES_ERROR;
				CLANG_WARN_RANGE_LOOP_ANALYSIS = YES;
				CLANG_WARN_STRICT_PROTOTYPES = YES;
				CLANG_WARN_SUSPICIOUS_MOVE = YES;
				CLANG_WARN_UNGUARDED_AVAILABILITY = YES_AGGRESSIVE;
				CLANG_WARN_UNREACHABLE_CODE = YES;
				CLANG_WARN__DUPLICATE_METHOD_MATCH = YES;
				COPY_PHASE_STRIP = NO;
				DEBUG_INFORMATION_FORMAT = "dwarf-with-dsym";
				ENABLE_NS_ASSERTIONS = NO;
				ENABLE_STRICT_OBJC_MSGSEND = YES;
				GCC_C_LANGUAGE_STANDARD = gnu11;
				GCC_NO_COMMON_BLOCKS = YES;
				GCC_WARN_64_TO_32_BIT_CONVERSION = YES;
				GCC_WARN_ABOUT_RETURN_TYPE = YES_ERROR;
				GCC_WARN_UNDECLARED_SELECTOR = YES;
				GCC_WARN_UNINITIALIZED_AUTOS = YES_AGGRESSIVE;
				GCC_WARN_UNUSED_FUNCTION = YES;
				GCC_WARN_UNUSED_VARIABLE = YES;
				IPHONEOS_DEPLOYMENT_TARGET = 13.2;
				MTL_ENABLE_DEBUG_INFO = NO;
				MTL_FAST_MATH = YES;
				SDKROOT = iphoneos;
				SWIFT_COMPILATION_MODE = wholemodule;
				SWIFT_OPTIMIZATION_LEVEL = "-O";
				VALIDATE_PRODUCT = YES;
			};
			name = Release;
		};
		593EACA22375733100D097C7 /* Debug */ = {
			isa = XCBuildConfiguration;
			buildSettings = {
				ASSETCATALOG_COMPILER_APPICON_NAME = AppIcon;
				CODE_SIGN_STYLE = Automatic;
				DEVELOPMENT_TEAM = 2R8QQZQZWR;
				INFOPLIST_FILE = "RxSwift Example/Info.plist";
				IPHONEOS_DEPLOYMENT_TARGET = 13.0;
				LD_RUNPATH_SEARCH_PATHS = (
					"$(inherited)",
					"@executable_path/Frameworks",
				);
				PRODUCT_BUNDLE_IDENTIFIER = "co.proficienttech.RxSwift-Example";
				PRODUCT_NAME = "$(TARGET_NAME)";
				SWIFT_VERSION = 5.0;
				TARGETED_DEVICE_FAMILY = "1,2";
			};
			name = Debug;
		};
		593EACA32375733100D097C7 /* Release */ = {
			isa = XCBuildConfiguration;
			buildSettings = {
				ASSETCATALOG_COMPILER_APPICON_NAME = AppIcon;
				CODE_SIGN_STYLE = Automatic;
				DEVELOPMENT_TEAM = 2R8QQZQZWR;
				INFOPLIST_FILE = "RxSwift Example/Info.plist";
				IPHONEOS_DEPLOYMENT_TARGET = 13.0;
				LD_RUNPATH_SEARCH_PATHS = (
					"$(inherited)",
					"@executable_path/Frameworks",
				);
				PRODUCT_BUNDLE_IDENTIFIER = "co.proficienttech.RxSwift-Example";
				PRODUCT_NAME = "$(TARGET_NAME)";
				SWIFT_VERSION = 5.0;
				TARGETED_DEVICE_FAMILY = "1,2";
			};
			name = Release;
		};
/* End XCBuildConfiguration section */

/* Begin XCConfigurationList section */
		593EAC882375732C00D097C7 /* Build configuration list for PBXProject "RxSwift Example" */ = {
			isa = XCConfigurationList;
			buildConfigurations = (
				593EAC9F2375733100D097C7 /* Debug */,
				593EACA02375733100D097C7 /* Release */,
			);
			defaultConfigurationIsVisible = 0;
			defaultConfigurationName = Release;
		};
		593EACA12375733100D097C7 /* Build configuration list for PBXNativeTarget "RxSwift Example" */ = {
			isa = XCConfigurationList;
			buildConfigurations = (
				593EACA22375733100D097C7 /* Debug */,
				593EACA32375733100D097C7 /* Release */,
			);
			defaultConfigurationIsVisible = 0;
			defaultConfigurationName = Release;
		};
/* End XCConfigurationList section */

/* Begin XCRemoteSwiftPackageReference section */
		593EACA42375740500D097C7 /* XCRemoteSwiftPackageReference "RxSwift" */ = {
			isa = XCRemoteSwiftPackageReference;
			repositoryURL = "https://github.com/ReactiveX/RxSwift.git";
			requirement = {
				kind = upToNextMajorVersion;
				minimumVersion = 5.0.1;
			};
		};
/* End XCRemoteSwiftPackageReference section */

/* Begin XCSwiftPackageProductDependency section */
		591B66F8237BE4F100C9FF9D /* RxRelay */ = {
			isa = XCSwiftPackageProductDependency;
			package = 593EACA42375740500D097C7 /* XCRemoteSwiftPackageReference "RxSwift" */;
			productName = RxRelay;
		};
		593EACA52375740600D097C7 /* RxSwift */ = {
			isa = XCSwiftPackageProductDependency;
			package = 593EACA42375740500D097C7 /* XCRemoteSwiftPackageReference "RxSwift" */;
			productName = RxSwift;
		};
		593EACA72375740600D097C7 /* RxCocoa */ = {
			isa = XCSwiftPackageProductDependency;
			package = 593EACA42375740500D097C7 /* XCRemoteSwiftPackageReference "RxSwift" */;
			productName = RxCocoa;
		};
/* End XCSwiftPackageProductDependency section */
	};
	rootObject = 593EAC852375732C00D097C7 /* Project object */;
}
